
Microsoft Visual Studio Solution File, Format Version 12.00
# Visual Studio Version 17
VisualStudioVersion = 17.1.32228.430
MinimumVisualStudioVersion = 10.0.40219.1
Project("{FAE04EC0-301F-11D3-BF4B-00C04F79EFBC}") = "Napier Bank Messaging", "Napier Bank Messaging\Napier Bank Messaging.csproj", "{85997F7F-63FD-4AA2-82CF-35E84B8A1BC1}"
EndProject
Project("{FAE04EC0-301F-11D3-BF4B-00C04F79EFBC}") = "Contract", "Contract\Contract.csproj", "{4C9B733B-447E-4F12-9443-E679B8608F37}"
EndProject
Project("{FAE04EC0-301F-11D3-BF4B-00C04F79EFBC}") = "CompositionHelper", "CompositionHelper\CompositionHelper.csproj", "{6B78FE29-D674-4539-A838-A92965ECE931}"
EndProject
Project("{FAE04EC0-301F-11D3-BF4B-00C04F79EFBC}") = "UnitTestProject1", "UnitTestProject1\UnitTestProject1.csproj", "{7D3C519D-FC71-402D-9898-8A25556A23BD}"
EndProject
Global
	GlobalSection(SolutionConfigurationPlatforms) = preSolution
		Debug|Any CPU = Debug|Any CPU
		Release|Any CPU = Release|Any CPU
	EndGlobalSection
	GlobalSection(ProjectConfigurationPlatforms) = postSolution
		{85997F7F-63FD-4AA2-82CF-35E84B8A1BC1}.Debug|Any CPU.ActiveCfg = Debug|Any CPU
		{85997F7F-63FD-4AA2-82CF-35E84B8A1BC1}.Debug|Any CPU.Build.0 = Debug|Any CPU
		{85997F7F-63FD-4AA2-82CF-35E84B8A1BC1}.Release|Any CPU.ActiveCfg = Release|Any CPU
		{85997F7F-63FD-4AA2-82CF-35E84B8A1BC1}.Release|Any CPU.Build.0 = Release|Any CPU
		{4C9B733B-447E-4F12-9443-E679B8608F37}.Debug|Any CPU.ActiveCfg = Debug|Any CPU
		{4C9B733B-447E-4F12-9443-E679B8608F37}.Debug|Any CPU.Build.0 = Debug|Any CPU
		{4C9B733B-447E-4F12-9443-E679B8608F37}.Release|Any CPU.ActiveCfg = Release|Any CPU
		{4C9B733B-447E-4F12-9443-E679B8608F37}.Release|Any CPU.Build.0 = Release|Any CPU
		{6B78FE29-D674-4539-A838-A92965ECE931}.Debug|Any CPU.ActiveCfg = Debug|Any CPU
		{6B78FE29-D674-4539-A838-A92965ECE931}.Debug|Any CPU.Build.0 = Debug|Any CPU
		{6B78FE29-D674-4539-A838-A92965ECE931}.Release|Any CPU.ActiveCfg = Release|Any CPU
		{6B78FE29-D674-4539-A838-A92965ECE931}.Release|Any CPU.Build.0 = Release|Any CPU
		{7D3C519D-FC71-402D-9898-8A25556A23BD}.Debug|Any CPU.ActiveCfg = Debug|Any CPU
		{7D3C519D-FC71-402D-9898-8A25556A23BD}.Debug|Any CPU.Build.0 = Debug|Any CPU
		{7D3C519D-FC71-402D-9898-8A25556A23BD}.Release|Any CPU.ActiveCfg = Release|Any CPU
		{7D3C519D-FC71-402D-9898-8A25556A23BD}.Release|Any CPU.Build.0 = Release|Any CPU
	EndGlobalSection
	GlobalSection(SolutionProperties) = preSolution
		HideSolutionNode = FALSE
	EndGlobalSection
	GlobalSection(ExtensibilityGlobals) = postSolution
		SolutionGuid = {CC937126-6F0D-4C5F-9FAB-B01B454BFBEA}
	EndGlobalSection
EndGlobal
